
Microsoft Visual Studio Solution File, Format Version 12.00
# Visual Studio Version 17
VisualStudioVersion = 17.4.33403.182
MinimumVisualStudioVersion = 10.0.40219.1
Project("{FAE04EC0-301F-11D3-BF4B-00C04F79EFBC}") = "BooksAndAuthor", "BooksAndAuthor\BooksAndAuthor.csproj", "{034F54FA-5981-4542-AAF0-87B39E8AEE7A}"
EndProject
Project("{FAE04EC0-301F-11D3-BF4B-00C04F79EFBC}") = "Models", "Models\Models.csproj", "{C3529A81-7313-4D67-8654-F97436A68013}"
EndProject
Project("{FAE04EC0-301F-11D3-BF4B-00C04F79EFBC}") = "DAL", "DAL\DAL.csproj", "{10395546-40D0-439F-B80B-70CAB9BF5108}"
EndProject
Project("{FAE04EC0-301F-11D3-BF4B-00C04F79EFBC}") = "BLL", "BLL\BLL.csproj", "{FE07555A-E0BA-4AB1-99A0-BF8EAAD06C84}"
EndProject
Global
	GlobalSection(SolutionConfigurationPlatforms) = preSolution
		Debug|Any CPU = Debug|Any CPU
		Release|Any CPU = Release|Any CPU
	EndGlobalSection
	GlobalSection(ProjectConfigurationPlatforms) = postSolution
		{034F54FA-5981-4542-AAF0-87B39E8AEE7A}.Debug|Any CPU.ActiveCfg = Debug|Any CPU
		{034F54FA-5981-4542-AAF0-87B39E8AEE7A}.Debug|Any CPU.Build.0 = Debug|Any CPU
		{034F54FA-5981-4542-AAF0-87B39E8AEE7A}.Release|Any CPU.ActiveCfg = Release|Any CPU
		{034F54FA-5981-4542-AAF0-87B39E8AEE7A}.Release|Any CPU.Build.0 = Release|Any CPU
		{C3529A81-7313-4D67-8654-F97436A68013}.Debug|Any CPU.ActiveCfg = Debug|Any CPU
		{C3529A81-7313-4D67-8654-F97436A68013}.Debug|Any CPU.Build.0 = Debug|Any CPU
		{C3529A81-7313-4D67-8654-F97436A68013}.Release|Any CPU.ActiveCfg = Release|Any CPU
		{C3529A81-7313-4D67-8654-F97436A68013}.Release|Any CPU.Build.0 = Release|Any CPU
		{10395546-40D0-439F-B80B-70CAB9BF5108}.Debug|Any CPU.ActiveCfg = Debug|Any CPU
		{10395546-40D0-439F-B80B-70CAB9BF5108}.Debug|Any CPU.Build.0 = Debug|Any CPU
		{10395546-40D0-439F-B80B-70CAB9BF5108}.Release|Any CPU.ActiveCfg = Release|Any CPU
		{10395546-40D0-439F-B80B-70CAB9BF5108}.Release|Any CPU.Build.0 = Release|Any CPU
		{FE07555A-E0BA-4AB1-99A0-BF8EAAD06C84}.Debug|Any CPU.ActiveCfg = Debug|Any CPU
		{FE07555A-E0BA-4AB1-99A0-BF8EAAD06C84}.Debug|Any CPU.Build.0 = Debug|Any CPU
		{FE07555A-E0BA-4AB1-99A0-BF8EAAD06C84}.Release|Any CPU.ActiveCfg = Release|Any CPU
		{FE07555A-E0BA-4AB1-99A0-BF8EAAD06C84}.Release|Any CPU.Build.0 = Release|Any CPU
	EndGlobalSection
	GlobalSection(SolutionProperties) = preSolution
		HideSolutionNode = FALSE
	EndGlobalSection
	GlobalSection(ExtensibilityGlobals) = postSolution
		SolutionGuid = {0065952F-6907-41FF-9F51-C9D6C0301EBD}
	EndGlobalSection
EndGlobal
